
Microsoft Visual Studio Solution File, Format Version 12.00
# Visual Studio 15
VisualStudioVersion = 15.0.26124.0
MinimumVisualStudioVersion = 15.0.26124.0
Project("{FAE04EC0-301F-11D3-BF4B-00C04F79EFBC}") = "vehicles", "vehicles\vehicles.csproj", "{23D4DA5D-5D76-4B2E-82A2-04032FE9B42F}"
EndProject
Project("{FAE04EC0-301F-11D3-BF4B-00C04F79EFBC}") = "vehiclesXUnitTests", "vehiclesXUnitTests\vehiclesXUnitTests.csproj", "{533A7472-50CE-45E3-9275-255D0688A026}"
EndProject
Global
	GlobalSection(SolutionConfigurationPlatforms) = preSolution
		Debug|Any CPU = Debug|Any CPU
		Debug|x64 = Debug|x64
		Debug|x86 = Debug|x86
		Release|Any CPU = Release|Any CPU
		Release|x64 = Release|x64
		Release|x86 = Release|x86
	EndGlobalSection
	GlobalSection(SolutionProperties) = preSolution
		HideSolutionNode = FALSE
	EndGlobalSection
	GlobalSection(ProjectConfigurationPlatforms) = postSolution
		{23D4DA5D-5D76-4B2E-82A2-04032FE9B42F}.Debug|Any CPU.ActiveCfg = Debug|Any CPU
		{23D4DA5D-5D76-4B2E-82A2-04032FE9B42F}.Debug|Any CPU.Build.0 = Debug|Any CPU
		{23D4DA5D-5D76-4B2E-82A2-04032FE9B42F}.Debug|x64.ActiveCfg = Debug|Any CPU
		{23D4DA5D-5D76-4B2E-82A2-04032FE9B42F}.Debug|x64.Build.0 = Debug|Any CPU
		{23D4DA5D-5D76-4B2E-82A2-04032FE9B42F}.Debug|x86.ActiveCfg = Debug|Any CPU
		{23D4DA5D-5D76-4B2E-82A2-04032FE9B42F}.Debug|x86.Build.0 = Debug|Any CPU
		{23D4DA5D-5D76-4B2E-82A2-04032FE9B42F}.Release|Any CPU.ActiveCfg = Release|Any CPU
		{23D4DA5D-5D76-4B2E-82A2-04032FE9B42F}.Release|Any CPU.Build.0 = Release|Any CPU
		{23D4DA5D-5D76-4B2E-82A2-04032FE9B42F}.Release|x64.ActiveCfg = Release|Any CPU
		{23D4DA5D-5D76-4B2E-82A2-04032FE9B42F}.Release|x64.Build.0 = Release|Any CPU
		{23D4DA5D-5D76-4B2E-82A2-04032FE9B42F}.Release|x86.ActiveCfg = Release|Any CPU
		{23D4DA5D-5D76-4B2E-82A2-04032FE9B42F}.Release|x86.Build.0 = Release|Any CPU
		{533A7472-50CE-45E3-9275-255D0688A026}.Debug|Any CPU.ActiveCfg = Debug|Any CPU
		{533A7472-50CE-45E3-9275-255D0688A026}.Debug|Any CPU.Build.0 = Debug|Any CPU
		{533A7472-50CE-45E3-9275-255D0688A026}.Debug|x64.ActiveCfg = Debug|Any CPU
		{533A7472-50CE-45E3-9275-255D0688A026}.Debug|x64.Build.0 = Debug|Any CPU
		{533A7472-50CE-45E3-9275-255D0688A026}.Debug|x86.ActiveCfg = Debug|Any CPU
		{533A7472-50CE-45E3-9275-255D0688A026}.Debug|x86.Build.0 = Debug|Any CPU
		{533A7472-50CE-45E3-9275-255D0688A026}.Release|Any CPU.ActiveCfg = Release|Any CPU
		{533A7472-50CE-45E3-9275-255D0688A026}.Release|Any CPU.Build.0 = Release|Any CPU
		{533A7472-50CE-45E3-9275-255D0688A026}.Release|x64.ActiveCfg = Release|Any CPU
		{533A7472-50CE-45E3-9275-255D0688A026}.Release|x64.Build.0 = Release|Any CPU
		{533A7472-50CE-45E3-9275-255D0688A026}.Release|x86.ActiveCfg = Release|Any CPU
		{533A7472-50CE-45E3-9275-255D0688A026}.Release|x86.Build.0 = Release|Any CPU
	EndGlobalSection
EndGlobal
